// !$*UTF8*$!
{
	archiveVersion = 1;
	classes = {
	};
	objectVersion = 51;
	objects = {

/* Begin PBXBuildFile section */
		4DC5A480BB15137A203CDAAC /* Pods_Parstagram_ParstagramUITests.framework in Frameworks */ = {isa = PBXBuildFile; fileRef = C389FF681323E37313F5D563 /* Pods_Parstagram_ParstagramUITests.framework */; };
		4ECAD07176E042C531A36B04 /* Pods_ParstagramTests.framework in Frameworks */ = {isa = PBXBuildFile; fileRef = BD66B85F7DEFECB94B702BE5 /* Pods_ParstagramTests.framework */; };
		9F46951330BE46F09E3AF31C /* Pods_Parstagram.framework in Frameworks */ = {isa = PBXBuildFile; fileRef = A39E2AB7BA5E3CCDF5D8DD0F /* Pods_Parstagram.framework */; };
		DDF64D31237F56170056F088 /* AppDelegate.swift in Sources */ = {isa = PBXBuildFile; fileRef = DDF64D30237F56170056F088 /* AppDelegate.swift */; };
		DDF64D33237F56170056F088 /* SceneDelegate.swift in Sources */ = {isa = PBXBuildFile; fileRef = DDF64D32237F56170056F088 /* SceneDelegate.swift */; };
		DDF64D38237F56180056F088 /* Main.storyboard in Resources */ = {isa = PBXBuildFile; fileRef = DDF64D36237F56180056F088 /* Main.storyboard */; };
		DDF64D3A237F561D0056F088 /* Assets.xcassets in Resources */ = {isa = PBXBuildFile; fileRef = DDF64D39237F561D0056F088 /* Assets.xcassets */; };
		DDF64D3D237F561D0056F088 /* LaunchScreen.storyboard in Resources */ = {isa = PBXBuildFile; fileRef = DDF64D3B237F561D0056F088 /* LaunchScreen.storyboard */; };
		DDF64D48237F561E0056F088 /* ParstagramTests.swift in Sources */ = {isa = PBXBuildFile; fileRef = DDF64D47237F561E0056F088 /* ParstagramTests.swift */; };
		DDF64D53237F561E0056F088 /* ParstagramUITests.swift in Sources */ = {isa = PBXBuildFile; fileRef = DDF64D52237F561E0056F088 /* ParstagramUITests.swift */; };
		DDF64D65237F65F50056F088 /* LoginViewController.swift in Sources */ = {isa = PBXBuildFile; fileRef = DDF64D64237F65F50056F088 /* LoginViewController.swift */; };
		DDF64D67237F66070056F088 /* FeedViewController.swift in Sources */ = {isa = PBXBuildFile; fileRef = DDF64D66237F66070056F088 /* FeedViewController.swift */; };
		DDF64D69237F692A0056F088 /* CameraViewController.swift in Sources */ = {isa = PBXBuildFile; fileRef = DDF64D68237F692A0056F088 /* CameraViewController.swift */; };
		DDF64D6B237F75D20056F088 /* PostCell.swift in Sources */ = {isa = PBXBuildFile; fileRef = DDF64D6A237F75D20056F088 /* PostCell.swift */; };
/* End PBXBuildFile section */

/* Begin PBXContainerItemProxy section */
		DDF64D44237F561E0056F088 /* PBXContainerItemProxy */ = {
			isa = PBXContainerItemProxy;
			containerPortal = DDF64D25237F56170056F088 /* Project object */;
			proxyType = 1;
			remoteGlobalIDString = DDF64D2C237F56170056F088;
			remoteInfo = Parstagram;
		};
		DDF64D4F237F561E0056F088 /* PBXContainerItemProxy */ = {
			isa = PBXContainerItemProxy;
			containerPortal = DDF64D25237F56170056F088 /* Project object */;
			proxyType = 1;
			remoteGlobalIDString = DDF64D2C237F56170056F088;
			remoteInfo = Parstagram;
		};
/* End PBXContainerItemProxy section */

/* Begin PBXFileReference section */
		09C12F62BB108BAEFACA2D11 /* Pods-ParstagramTests.debug.xcconfig */ = {isa = PBXFileReference; includeInIndex = 1; lastKnownFileType = text.xcconfig; name = "Pods-ParstagramTests.debug.xcconfig"; path = "Target Support Files/Pods-ParstagramTests/Pods-ParstagramTests.debug.xcconfig"; sourceTree = "<group>"; };
		277C09D4CDDD243C5A8951A2 /* Pods-Parstagram.release.xcconfig */ = {isa = PBXFileReference; includeInIndex = 1; lastKnownFileType = text.xcconfig; name = "Pods-Parstagram.release.xcconfig"; path = "Target Support Files/Pods-Parstagram/Pods-Parstagram.release.xcconfig"; sourceTree = "<group>"; };
		664927F0FBF45E51A70C07FF /* Pods-Parstagram-ParstagramUITests.release.xcconfig */ = {isa = PBXFileReference; includeInIndex = 1; lastKnownFileType = text.xcconfig; name = "Pods-Parstagram-ParstagramUITests.release.xcconfig"; path = "Target Support Files/Pods-Parstagram-ParstagramUITests/Pods-Parstagram-ParstagramUITests.release.xcconfig"; sourceTree = "<group>"; };
		9FCB591951519968A75192CF /* Pods-ParstagramTests.release.xcconfig */ = {isa = PBXFileReference; includeInIndex = 1; lastKnownFileType = text.xcconfig; name = "Pods-ParstagramTests.release.xcconfig"; path = "Target Support Files/Pods-ParstagramTests/Pods-ParstagramTests.release.xcconfig"; sourceTree = "<group>"; };
		A39E2AB7BA5E3CCDF5D8DD0F /* Pods_Parstagram.framework */ = {isa = PBXFileReference; explicitFileType = wrapper.framework; includeInIndex = 0; path = Pods_Parstagram.framework; sourceTree = BUILT_PRODUCTS_DIR; };
		BD66B85F7DEFECB94B702BE5 /* Pods_ParstagramTests.framework */ = {isa = PBXFileReference; explicitFileType = wrapper.framework; includeInIndex = 0; path = Pods_ParstagramTests.framework; sourceTree = BUILT_PRODUCTS_DIR; };
		C389FF681323E37313F5D563 /* Pods_Parstagram_ParstagramUITests.framework */ = {isa = PBXFileReference; explicitFileType = wrapper.framework; includeInIndex = 0; path = Pods_Parstagram_ParstagramUITests.framework; sourceTree = BUILT_PRODUCTS_DIR; };
		CDA03BF089BAB70E3FF58E05 /* Pods-Parstagram-ParstagramUITests.debug.xcconfig */ = {isa = PBXFileReference; includeInIndex = 1; lastKnownFileType = text.xcconfig; name = "Pods-Parstagram-ParstagramUITests.debug.xcconfig"; path = "Target Support Files/Pods-Parstagram-ParstagramUITests/Pods-Parstagram-ParstagramUITests.debug.xcconfig"; sourceTree = "<group>"; };
		DDF64D2D237F56170056F088 /* Parstagram.app */ = {isa = PBXFileReference; explicitFileType = wrapper.application; includeInIndex = 0; path = Parstagram.app; sourceTree = BUILT_PRODUCTS_DIR; };
		DDF64D30237F56170056F088 /* AppDelegate.swift */ = {isa = PBXFileReference; lastKnownFileType = sourcecode.swift; path = AppDelegate.swift; sourceTree = "<group>"; };
		DDF64D32237F56170056F088 /* SceneDelegate.swift */ = {isa = PBXFileReference; lastKnownFileType = sourcecode.swift; path = SceneDelegate.swift; sourceTree = "<group>"; };
		DDF64D37237F56180056F088 /* Base */ = {isa = PBXFileReference; lastKnownFileType = file.storyboard; name = Base; path = Base.lproj/Main.storyboard; sourceTree = "<group>"; };
		DDF64D39237F561D0056F088 /* Assets.xcassets */ = {isa = PBXFileReference; lastKnownFileType = folder.assetcatalog; path = Assets.xcassets; sourceTree = "<group>"; };
		DDF64D3C237F561D0056F088 /* Base */ = {isa = PBXFileReference; lastKnownFileType = file.storyboard; name = Base; path = Base.lproj/LaunchScreen.storyboard; sourceTree = "<group>"; };
		DDF64D3E237F561D0056F088 /* Info.plist */ = {isa = PBXFileReference; lastKnownFileType = text.plist.xml; path = Info.plist; sourceTree = "<group>"; };
		DDF64D43237F561E0056F088 /* ParstagramTests.xctest */ = {isa = PBXFileReference; explicitFileType = wrapper.cfbundle; includeInIndex = 0; path = ParstagramTests.xctest; sourceTree = BUILT_PRODUCTS_DIR; };
		DDF64D47237F561E0056F088 /* ParstagramTests.swift */ = {isa = PBXFileReference; lastKnownFileType = sourcecode.swift; path = ParstagramTests.swift; sourceTree = "<group>"; };
		DDF64D49237F561E0056F088 /* Info.plist */ = {isa = PBXFileReference; lastKnownFileType = text.plist.xml; path = Info.plist; sourceTree = "<group>"; };
		DDF64D4E237F561E0056F088 /* ParstagramUITests.xctest */ = {isa = PBXFileReference; explicitFileType = wrapper.cfbundle; includeInIndex = 0; path = ParstagramUITests.xctest; sourceTree = BUILT_PRODUCTS_DIR; };
		DDF64D52237F561E0056F088 /* ParstagramUITests.swift */ = {isa = PBXFileReference; lastKnownFileType = sourcecode.swift; path = ParstagramUITests.swift; sourceTree = "<group>"; };
		DDF64D54237F561E0056F088 /* Info.plist */ = {isa = PBXFileReference; lastKnownFileType = text.plist.xml; path = Info.plist; sourceTree = "<group>"; };
		DDF64D64237F65F50056F088 /* LoginViewController.swift */ = {isa = PBXFileReference; lastKnownFileType = sourcecode.swift; path = LoginViewController.swift; sourceTree = "<group>"; };
		DDF64D66237F66070056F088 /* FeedViewController.swift */ = {isa = PBXFileReference; lastKnownFileType = sourcecode.swift; path = FeedViewController.swift; sourceTree = "<group>"; };
		DDF64D68237F692A0056F088 /* CameraViewController.swift */ = {isa = PBXFileReference; lastKnownFileType = sourcecode.swift; path = CameraViewController.swift; sourceTree = "<group>"; };
		DDF64D6A237F75D20056F088 /* PostCell.swift */ = {isa = PBXFileReference; lastKnownFileType = sourcecode.swift; path = PostCell.swift; sourceTree = "<group>"; };
		F311B967AA7B0AF4EF44CEEA /* Pods-Parstagram.debug.xcconfig */ = {isa = PBXFileReference; includeInIndex = 1; lastKnownFileType = text.xcconfig; name = "Pods-Parstagram.debug.xcconfig"; path = "Target Support Files/Pods-Parstagram/Pods-Parstagram.debug.xcconfig"; sourceTree = "<group>"; };
/* End PBXFileReference section */

/* Begin PBXFrameworksBuildPhase section */
		DDF64D2A237F56170056F088 /* Frameworks */ = {
			isa = PBXFrameworksBuildPhase;
			buildActionMask = 2147483647;
			files = (
				9F46951330BE46F09E3AF31C /* Pods_Parstagram.framework in Frameworks */,
			);
			runOnlyForDeploymentPostprocessing = 0;
		};
		DDF64D40237F561E0056F088 /* Frameworks */ = {
			isa = PBXFrameworksBuildPhase;
			buildActionMask = 2147483647;
			files = (
				4ECAD07176E042C531A36B04 /* Pods_ParstagramTests.framework in Frameworks */,
			);
			runOnlyForDeploymentPostprocessing = 0;
		};
		DDF64D4B237F561E0056F088 /* Frameworks */ = {
			isa = PBXFrameworksBuildPhase;
			buildActionMask = 2147483647;
			files = (
				4DC5A480BB15137A203CDAAC /* Pods_Parstagram_ParstagramUITests.framework in Frameworks */,
			);
			runOnlyForDeploymentPostprocessing = 0;
		};
/* End PBXFrameworksBuildPhase section */

/* Begin PBXGroup section */
		6824CFBED9742AD65A09586A /* Pods */ = {
			isa = PBXGroup;
			children = (
				F311B967AA7B0AF4EF44CEEA /* Pods-Parstagram.debug.xcconfig */,
				277C09D4CDDD243C5A8951A2 /* Pods-Parstagram.release.xcconfig */,
				CDA03BF089BAB70E3FF58E05 /* Pods-Parstagram-ParstagramUITests.debug.xcconfig */,
				664927F0FBF45E51A70C07FF /* Pods-Parstagram-ParstagramUITests.release.xcconfig */,
				09C12F62BB108BAEFACA2D11 /* Pods-ParstagramTests.debug.xcconfig */,
				9FCB591951519968A75192CF /* Pods-ParstagramTests.release.xcconfig */,
			);
			path = Pods;
			sourceTree = "<group>";
		};
		DDF64D24237F56170056F088 = {
			isa = PBXGroup;
			children = (
				DDF64D2F237F56170056F088 /* Parstagram */,
				DDF64D46237F561E0056F088 /* ParstagramTests */,
				DDF64D51237F561E0056F088 /* ParstagramUITests */,
				DDF64D2E237F56170056F088 /* Products */,
				6824CFBED9742AD65A09586A /* Pods */,
				F08622428DA1656E0003216A /* Frameworks */,
			);
			sourceTree = "<group>";
		};
		DDF64D2E237F56170056F088 /* Products */ = {
			isa = PBXGroup;
			children = (
				DDF64D2D237F56170056F088 /* Parstagram.app */,
				DDF64D43237F561E0056F088 /* ParstagramTests.xctest */,
				DDF64D4E237F561E0056F088 /* ParstagramUITests.xctest */,
			);
			name = Products;
			sourceTree = "<group>";
		};
		DDF64D2F237F56170056F088 /* Parstagram */ = {
			isa = PBXGroup;
			children = (
				DDF64D30237F56170056F088 /* AppDelegate.swift */,
				DDF64D32237F56170056F088 /* SceneDelegate.swift */,
				DDF64D36237F56180056F088 /* Main.storyboard */,
				DDF64D39237F561D0056F088 /* Assets.xcassets */,
				DDF64D3B237F561D0056F088 /* LaunchScreen.storyboard */,
				DDF64D3E237F561D0056F088 /* Info.plist */,
				DDF64D64237F65F50056F088 /* LoginViewController.swift */,
				DDF64D66237F66070056F088 /* FeedViewController.swift */,
				DDF64D68237F692A0056F088 /* CameraViewController.swift */,
				DDF64D6A237F75D20056F088 /* PostCell.swift */,
			);
			path = Parstagram;
			sourceTree = "<group>";
		};
		DDF64D46237F561E0056F088 /* ParstagramTests */ = {
			isa = PBXGroup;
			children = (
				DDF64D47237F561E0056F088 /* ParstagramTests.swift */,
				DDF64D49237F561E0056F088 /* Info.plist */,
			);
			path = ParstagramTests;
			sourceTree = "<group>";
		};
		DDF64D51237F561E0056F088 /* ParstagramUITests */ = {
			isa = PBXGroup;
			children = (
				DDF64D52237F561E0056F088 /* ParstagramUITests.swift */,
				DDF64D54237F561E0056F088 /* Info.plist */,
			);
			path = ParstagramUITests;
			sourceTree = "<group>";
		};
		F08622428DA1656E0003216A /* Frameworks */ = {
			isa = PBXGroup;
			children = (
				A39E2AB7BA5E3CCDF5D8DD0F /* Pods_Parstagram.framework */,
				C389FF681323E37313F5D563 /* Pods_Parstagram_ParstagramUITests.framework */,
				BD66B85F7DEFECB94B702BE5 /* Pods_ParstagramTests.framework */,
			);
			name = Frameworks;
			sourceTree = "<group>";
		};
/* End PBXGroup section */

/* Begin PBXNativeTarget section */
		DDF64D2C237F56170056F088 /* Parstagram */ = {
			isa = PBXNativeTarget;
			buildConfigurationList = DDF64D57237F561E0056F088 /* Build configuration list for PBXNativeTarget "Parstagram" */;
			buildPhases = (
				F105672E73E415D30CA22FF8 /* [CP] Check Pods Manifest.lock */,
				DDF64D29237F56170056F088 /* Sources */,
				DDF64D2A237F56170056F088 /* Frameworks */,
				DDF64D2B237F56170056F088 /* Resources */,
				F544C87AC0F03598FF3C8A4D /* [CP] Embed Pods Frameworks */,
			);
			buildRules = (
			);
			dependencies = (
			);
			name = Parstagram;
			productName = Parstagram;
			productReference = DDF64D2D237F56170056F088 /* Parstagram.app */;
			productType = "com.apple.product-type.application";
		};
		DDF64D42237F561E0056F088 /* ParstagramTests */ = {
			isa = PBXNativeTarget;
			buildConfigurationList = DDF64D5A237F561E0056F088 /* Build configuration list for PBXNativeTarget "ParstagramTests" */;
			buildPhases = (
				139C7E5388A919E99A988700 /* [CP] Check Pods Manifest.lock */,
				DDF64D3F237F561E0056F088 /* Sources */,
				DDF64D40237F561E0056F088 /* Frameworks */,
				DDF64D41237F561E0056F088 /* Resources */,
			);
			buildRules = (
			);
			dependencies = (
				DDF64D45237F561E0056F088 /* PBXTargetDependency */,
			);
			name = ParstagramTests;
			productName = ParstagramTests;
			productReference = DDF64D43237F561E0056F088 /* ParstagramTests.xctest */;
			productType = "com.apple.product-type.bundle.unit-test";
		};
		DDF64D4D237F561E0056F088 /* ParstagramUITests */ = {
			isa = PBXNativeTarget;
			buildConfigurationList = DDF64D5D237F561E0056F088 /* Build configuration list for PBXNativeTarget "ParstagramUITests" */;
			buildPhases = (
				452E7D6AF2E312EE3A42D121 /* [CP] Check Pods Manifest.lock */,
				DDF64D4A237F561E0056F088 /* Sources */,
				DDF64D4B237F561E0056F088 /* Frameworks */,
				DDF64D4C237F561E0056F088 /* Resources */,
				B2FC0BF447BD5524A6A513EB /* [CP] Embed Pods Frameworks */,
			);
			buildRules = (
			);
			dependencies = (
				DDF64D50237F561E0056F088 /* PBXTargetDependency */,
			);
			name = ParstagramUITests;
			productName = ParstagramUITests;
			productReference = DDF64D4E237F561E0056F088 /* ParstagramUITests.xctest */;
			productType = "com.apple.product-type.bundle.ui-testing";
		};
/* End PBXNativeTarget section */

/* Begin PBXProject section */
		DDF64D25237F56170056F088 /* Project object */ = {
			isa = PBXProject;
			attributes = {
				LastSwiftUpdateCheck = 1110;
				LastUpgradeCheck = 1110;
				ORGANIZATIONNAME = "Jasmin Ramirez ";
				TargetAttributes = {
					DDF64D2C237F56170056F088 = {
						CreatedOnToolsVersion = 11.1;
					};
					DDF64D42237F561E0056F088 = {
						CreatedOnToolsVersion = 11.1;
						TestTargetID = DDF64D2C237F56170056F088;
					};
					DDF64D4D237F561E0056F088 = {
						CreatedOnToolsVersion = 11.1;
						TestTargetID = DDF64D2C237F56170056F088;
					};
				};
			};
			buildConfigurationList = DDF64D28237F56170056F088 /* Build configuration list for PBXProject "Parstagram" */;
			compatibilityVersion = "Xcode 9.3";
			developmentRegion = en;
			hasScannedForEncodings = 0;
			knownRegions = (
				en,
				Base,
			);
			mainGroup = DDF64D24237F56170056F088;
			productRefGroup = DDF64D2E237F56170056F088 /* Products */;
			projectDirPath = "";
			projectRoot = "";
			targets = (
				DDF64D2C237F56170056F088 /* Parstagram */,
				DDF64D42237F561E0056F088 /* ParstagramTests */,
				DDF64D4D237F561E0056F088 /* ParstagramUITests */,
			);
		};
/* End PBXProject section */

/* Begin PBXResourcesBuildPhase section */
		DDF64D2B237F56170056F088 /* Resources */ = {
			isa = PBXResourcesBuildPhase;
			buildActionMask = 2147483647;
			files = (
				DDF64D3D237F561D0056F088 /* LaunchScreen.storyboard in Resources */,
				DDF64D3A237F561D0056F088 /* Assets.xcassets in Resources */,
				DDF64D38237F56180056F088 /* Main.storyboard in Resources */,
			);
			runOnlyForDeploymentPostprocessing = 0;
		};
		DDF64D41237F561E0056F088 /* Resources */ = {
			isa = PBXResourcesBuildPhase;
			buildActionMask = 2147483647;
			files = (
			);
			runOnlyForDeploymentPostprocessing = 0;
		};
		DDF64D4C237F561E0056F088 /* Resources */ = {
			isa = PBXResourcesBuildPhase;
			buildActionMask = 2147483647;
			files = (
			);
			runOnlyForDeploymentPostprocessing = 0;
		};
/* End PBXResourcesBuildPhase section */

/* Begin PBXShellScriptBuildPhase section */
		139C7E5388A919E99A988700 /* [CP] Check Pods Manifest.lock */ = {
			isa = PBXShellScriptBuildPhase;
			buildActionMask = 2147483647;
			files = (
			);
			inputFileListPaths = (
			);
			inputPaths = (
				"${PODS_PODFILE_DIR_PATH}/Podfile.lock",
				"${PODS_ROOT}/Manifest.lock",
			);
			name = "[CP] Check Pods Manifest.lock";
			outputFileListPaths = (
			);
			outputPaths = (
				"$(DERIVED_FILE_DIR)/Pods-ParstagramTests-checkManifestLockResult.txt",
			);
			runOnlyForDeploymentPostprocessing = 0;
			shellPath = /bin/sh;
			shellScript = "diff \"${PODS_PODFILE_DIR_PATH}/Podfile.lock\" \"${PODS_ROOT}/Manifest.lock\" > /dev/null\nif [ $? != 0 ] ; then\n    # print error to STDERR\n    echo \"error: The sandbox is not in sync with the Podfile.lock. Run 'pod install' or update your CocoaPods installation.\" >&2\n    exit 1\nfi\n# This output is used by Xcode 'outputs' to avoid re-running this script phase.\necho \"SUCCESS\" > \"${SCRIPT_OUTPUT_FILE_0}\"\n";
			showEnvVarsInLog = 0;
		};
		452E7D6AF2E312EE3A42D121 /* [CP] Check Pods Manifest.lock */ = {
			isa = PBXShellScriptBuildPhase;
			buildActionMask = 2147483647;
			files = (
			);
			inputFileListPaths = (
			);
			inputPaths = (
				"${PODS_PODFILE_DIR_PATH}/Podfile.lock",
				"${PODS_ROOT}/Manifest.lock",
			);
			name = "[CP] Check Pods Manifest.lock";
			outputFileListPaths = (
			);
			outputPaths = (
				"$(DERIVED_FILE_DIR)/Pods-Parstagram-ParstagramUITests-checkManifestLockResult.txt",
			);
			runOnlyForDeploymentPostprocessing = 0;
			shellPath = /bin/sh;
			shellScript = "diff \"${PODS_PODFILE_DIR_PATH}/Podfile.lock\" \"${PODS_ROOT}/Manifest.lock\" > /dev/null\nif [ $? != 0 ] ; then\n    # print error to STDERR\n    echo \"error: The sandbox is not in sync with the Podfile.lock. Run 'pod install' or update your CocoaPods installation.\" >&2\n    exit 1\nfi\n# This output is used by Xcode 'outputs' to avoid re-running this script phase.\necho \"SUCCESS\" > \"${SCRIPT_OUTPUT_FILE_0}\"\n";
			showEnvVarsInLog = 0;
		};
		B2FC0BF447BD5524A6A513EB /* [CP] Embed Pods Frameworks */ = {
			isa = PBXShellScriptBuildPhase;
			buildActionMask = 2147483647;
			files = (
			);
			inputFileListPaths = (
				"${PODS_ROOT}/Target Support Files/Pods-Parstagram-ParstagramUITests/Pods-Parstagram-ParstagramUITests-frameworks-${CONFIGURATION}-input-files.xcfilelist",
			);
			name = "[CP] Embed Pods Frameworks";
			outputFileListPaths = (
				"${PODS_ROOT}/Target Support Files/Pods-Parstagram-ParstagramUITests/Pods-Parstagram-ParstagramUITests-frameworks-${CONFIGURATION}-output-files.xcfilelist",
			);
			runOnlyForDeploymentPostprocessing = 0;
			shellPath = /bin/sh;
			shellScript = "\"${PODS_ROOT}/Target Support Files/Pods-Parstagram-ParstagramUITests/Pods-Parstagram-ParstagramUITests-frameworks.sh\"\n";
			showEnvVarsInLog = 0;
		};
		F105672E73E415D30CA22FF8 /* [CP] Check Pods Manifest.lock */ = {
			isa = PBXShellScriptBuildPhase;
			buildActionMask = 2147483647;
			files = (
			);
			inputFileListPaths = (
			);
			inputPaths = (
				"${PODS_PODFILE_DIR_PATH}/Podfile.lock",
				"${PODS_ROOT}/Manifest.lock",
			);
			name = "[CP] Check Pods Manifest.lock";
			outputFileListPaths = (
			);
			outputPaths = (
				"$(DERIVED_FILE_DIR)/Pods-Parstagram-checkManifestLockResult.txt",
			);
			runOnlyForDeploymentPostprocessing = 0;
			shellPath = /bin/sh;
			shellScript = "diff \"${PODS_PODFILE_DIR_PATH}/Podfile.lock\" \"${PODS_ROOT}/Manifest.lock\" > /dev/null\nif [ $? != 0 ] ; then\n    # print error to STDERR\n    echo \"error: The sandbox is not in sync with the Podfile.lock. Run 'pod install' or update your CocoaPods installation.\" >&2\n    exit 1\nfi\n# This output is used by Xcode 'outputs' to avoid re-running this script phase.\necho \"SUCCESS\" > \"${SCRIPT_OUTPUT_FILE_0}\"\n";
			showEnvVarsInLog = 0;
		};
		F544C87AC0F03598FF3C8A4D /* [CP] Embed Pods Frameworks */ = {
			isa = PBXShellScriptBuildPhase;
			buildActionMask = 2147483647;
			files = (
			);
			inputFileListPaths = (
				"${PODS_ROOT}/Target Support Files/Pods-Parstagram/Pods-Parstagram-frameworks-${CONFIGURATION}-input-files.xcfilelist",
			);
			name = "[CP] Embed Pods Frameworks";
			outputFileListPaths = (
				"${PODS_ROOT}/Target Support Files/Pods-Parstagram/Pods-Parstagram-frameworks-${CONFIGURATION}-output-files.xcfilelist",
			);
			runOnlyForDeploymentPostprocessing = 0;
			shellPath = /bin/sh;
			shellScript = "\"${PODS_ROOT}/Target Support Files/Pods-Parstagram/Pods-Parstagram-frameworks.sh\"\n";
			showEnvVarsInLog = 0;
		};
/* End PBXShellScriptBuildPhase section */

/* Begin PBXSourcesBuildPhase section */
		DDF64D29237F56170056F088 /* Sources */ = {
			isa = PBXSourcesBuildPhase;
			buildActionMask = 2147483647;
			files = (
				DDF64D65237F65F50056F088 /* LoginViewController.swift in Sources */,
				DDF64D69237F692A0056F088 /* CameraViewController.swift in Sources */,
				DDF64D31237F56170056F088 /* AppDelegate.swift in Sources */,
				DDF64D67237F66070056F088 /* FeedViewController.swift in Sources */,
				DDF64D33237F56170056F088 /* SceneDelegate.swift in Sources */,
				DDF64D6B237F75D20056F088 /* PostCell.swift in Sources */,
			);
			runOnlyForDeploymentPostprocessing = 0;
		};
		DDF64D3F237F561E0056F088 /* Sources */ = {
			isa = PBXSourcesBuildPhase;
			buildActionMask = 2147483647;
			files = (
				DDF64D48237F561E0056F088 /* ParstagramTests.swift in Sources */,
			);
			runOnlyForDeploymentPostprocessing = 0;
		};
		DDF64D4A237F561E0056F088 /* Sources */ = {
			isa = PBXSourcesBuildPhase;
			buildActionMask = 2147483647;
			files = (
				DDF64D53237F561E0056F088 /* ParstagramUITests.swift in Sources */,
			);
			runOnlyForDeploymentPostprocessing = 0;
		};
/* End PBXSourcesBuildPhase section */

/* Begin PBXTargetDependency section */
		DDF64D45237F561E0056F088 /* PBXTargetDependency */ = {
			isa = PBXTargetDependency;
			target = DDF64D2C237F56170056F088 /* Parstagram */;
			targetProxy = DDF64D44237F561E0056F088 /* PBXContainerItemProxy */;
		};
		DDF64D50237F561E0056F088 /* PBXTargetDependency */ = {
			isa = PBXTargetDependency;
			target = DDF64D2C237F56170056F088 /* Parstagram */;
			targetProxy = DDF64D4F237F561E0056F088 /* PBXContainerItemProxy */;
		};
/* End PBXTargetDependency section */

/* Begin PBXVariantGroup section */
		DDF64D36237F56180056F088 /* Main.storyboard */ = {
			isa = PBXVariantGroup;
			children = (
				DDF64D37237F56180056F088 /* Base */,
			);
			name = Main.storyboard;
			sourceTree = "<group>";
		};
		DDF64D3B237F561D0056F088 /* LaunchScreen.storyboard */ = {
			isa = PBXVariantGroup;
			children = (
				DDF64D3C237F561D0056F088 /* Base */,
			);
			name = LaunchScreen.storyboard;
			sourceTree = "<group>";
		};
/* End PBXVariantGroup section */

/* Begin XCBuildConfiguration section */
		DDF64D55237F561E0056F088 /* Debug */ = {
			isa = XCBuildConfiguration;
			buildSettings = {
				ALWAYS_SEARCH_USER_PATHS = NO;
				CLANG_ANALYZER_NONNULL = YES;
				CLANG_ANALYZER_NUMBER_OBJECT_CONVERSION = YES_AGGRESSIVE;
				CLANG_CXX_LANGUAGE_STANDARD = "gnu++14";
				CLANG_CXX_LIBRARY = "libc++";
				CLANG_ENABLE_MODULES = YES;
				CLANG_ENABLE_OBJC_ARC = YES;
				CLANG_ENABLE_OBJC_WEAK = YES;
				CLANG_WARN_BLOCK_CAPTURE_AUTORELEASING = YES;
				CLANG_WARN_BOOL_CONVERSION = YES;
				CLANG_WARN_COMMA = YES;
				CLANG_WARN_CONSTANT_CONVERSION = YES;
				CLANG_WARN_DEPRECATED_OBJC_IMPLEMENTATIONS = YES;
				CLANG_WARN_DIRECT_OBJC_ISA_USAGE = YES_ERROR;
				CLANG_WARN_DOCUMENTATION_COMMENTS = YES;
				CLANG_WARN_EMPTY_BODY = YES;
				CLANG_WARN_ENUM_CONVERSION = YES;
				CLANG_WARN_INFINITE_RECURSION = YES;
				CLANG_WARN_INT_CONVERSION = YES;
				CLANG_WARN_NON_LITERAL_NULL_CONVERSION = YES;
				CLANG_WARN_OBJC_IMPLICIT_RETAIN_SELF = YES;
				CLANG_WARN_OBJC_LITERAL_CONVERSION = YES;
				CLANG_WARN_OBJC_ROOT_CLASS = YES_ERROR;
				CLANG_WARN_RANGE_LOOP_ANALYSIS = YES;
				CLANG_WARN_STRICT_PROTOTYPES = YES;
				CLANG_WARN_SUSPICIOUS_MOVE = YES;
				CLANG_WARN_UNGUARDED_AVAILABILITY = YES_AGGRESSIVE;
				CLANG_WARN_UNREACHABLE_CODE = YES;
				CLANG_WARN__DUPLICATE_METHOD_MATCH = YES;
				COPY_PHASE_STRIP = NO;
				DEBUG_INFORMATION_FORMAT = dwarf;
				ENABLE_STRICT_OBJC_MSGSEND = YES;
				ENABLE_TESTABILITY = YES;
				GCC_C_LANGUAGE_STANDARD = gnu11;
				GCC_DYNAMIC_NO_PIC = NO;
				GCC_NO_COMMON_BLOCKS = YES;
				GCC_OPTIMIZATION_LEVEL = 0;
				GCC_PREPROCESSOR_DEFINITIONS = (
					"DEBUG=1",
					"$(inherited)",
				);
				GCC_WARN_64_TO_32_BIT_CONVERSION = YES;
				GCC_WARN_ABOUT_RETURN_TYPE = YES_ERROR;
				GCC_WARN_UNDECLARED_SELECTOR = YES;
				GCC_WARN_UNINITIALIZED_AUTOS = YES_AGGRESSIVE;
				GCC_WARN_UNUSED_FUNCTION = YES;
				GCC_WARN_UNUSED_VARIABLE = YES;
				IPHONEOS_DEPLOYMENT_TARGET = 13.1;
				MTL_ENABLE_DEBUG_INFO = INCLUDE_SOURCE;
				MTL_FAST_MATH = YES;
				ONLY_ACTIVE_ARCH = YES;
				SDKROOT = iphoneos;
				SWIFT_ACTIVE_COMPILATION_CONDITIONS = DEBUG;
				SWIFT_OPTIMIZATION_LEVEL = "-Onone";
			};
			name = Debug;
		};
		DDF64D56237F561E0056F088 /* Release */ = {
			isa = XCBuildConfiguration;
			buildSettings = {
				ALWAYS_SEARCH_USER_PATHS = NO;
				CLANG_ANALYZER_NONNULL = YES;
				CLANG_ANALYZER_NUMBER_OBJECT_CONVERSION = YES_AGGRESSIVE;
				CLANG_CXX_LANGUAGE_STANDARD = "gnu++14";
				CLANG_CXX_LIBRARY = "libc++";
				CLANG_ENABLE_MODULES = YES;
				CLANG_ENABLE_OBJC_ARC = YES;
				CLANG_ENABLE_OBJC_WEAK = YES;
				CLANG_WARN_BLOCK_CAPTURE_AUTORELEASING = YES;
				CLANG_WARN_BOOL_CONVERSION = YES;
				CLANG_WARN_COMMA = YES;
				CLANG_WARN_CONSTANT_CONVERSION = YES;
				CLANG_WARN_DEPRECATED_OBJC_IMPLEMENTATIONS = YES;
				CLANG_WARN_DIRECT_OBJC_ISA_USAGE = YES_ERROR;
				CLANG_WARN_DOCUMENTATION_COMMENTS = YES;
				CLANG_WARN_EMPTY_BODY = YES;
				CLANG_WARN_ENUM_CONVERSION = YES;
				CLANG_WARN_INFINITE_RECURSION = YES;
				CLANG_WARN_INT_CONVERSION = YES;
				CLANG_WARN_NON_LITERAL_NULL_CONVERSION = YES;
				CLANG_WARN_OBJC_IMPLICIT_RETAIN_SELF = YES;
				CLANG_WARN_OBJC_LITERAL_CONVERSION = YES;
				CLANG_WARN_OBJC_ROOT_CLASS = YES_ERROR;
				CLANG_WARN_RANGE_LOOP_ANALYSIS = YES;
				CLANG_WARN_STRICT_PROTOTYPES = YES;
				CLANG_WARN_SUSPICIOUS_MOVE = YES;
				CLANG_WARN_UNGUARDED_AVAILABILITY = YES_AGGRESSIVE;
				CLANG_WARN_UNREACHABLE_CODE = YES;
				CLANG_WARN__DUPLICATE_METHOD_MATCH = YES;
				COPY_PHASE_STRIP = NO;
				DEBUG_INFORMATION_FORMAT = "dwarf-with-dsym";
				ENABLE_NS_ASSERTIONS = NO;
				ENABLE_STRICT_OBJC_MSGSEND = YES;
				GCC_C_LANGUAGE_STANDARD = gnu11;
				GCC_NO_COMMON_BLOCKS = YES;
				GCC_WARN_64_TO_32_BIT_CONVERSION = YES;
				GCC_WARN_ABOUT_RETURN_TYPE = YES_ERROR;
				GCC_WARN_UNDECLARED_SELECTOR = YES;
				GCC_WARN_UNINITIALIZED_AUTOS = YES_AGGRESSIVE;
				GCC_WARN_UNUSED_FUNCTION = YES;
				GCC_WARN_UNUSED_VARIABLE = YES;
				IPHONEOS_DEPLOYMENT_TARGET = 13.1;
				MTL_ENABLE_DEBUG_INFO = NO;
				MTL_FAST_MATH = YES;
				SDKROOT = iphoneos;
				SWIFT_COMPILATION_MODE = wholemodule;
				SWIFT_OPTIMIZATION_LEVEL = "-O";
				VALIDATE_PRODUCT = YES;
			};
			name = Release;
		};
		DDF64D58237F561E0056F088 /* Debug */ = {
			isa = XCBuildConfiguration;
			baseConfigurationReference = F311B967AA7B0AF4EF44CEEA /* Pods-Parstagram.debug.xcconfig */;
			buildSettings = {
				ASSETCATALOG_COMPILER_APPICON_NAME = AppIcon;
				CODE_SIGN_STYLE = Automatic;
				INFOPLIST_FILE = Parstagram/Info.plist;
				LD_RUNPATH_SEARCH_PATHS = (
					"$(inherited)",
					"@executable_path/Frameworks",
				);
				PRODUCT_BUNDLE_IDENTIFIER = Jasmin.Parstagram;
				PRODUCT_NAME = "$(TARGET_NAME)";
				SWIFT_VERSION = 5.0;
				TARGETED_DEVICE_FAMILY = "1,2";
			};
			name = Debug;
		};
		DDF64D59237F561E0056F088 /* Release */ = {
			isa = XCBuildConfiguration;
			baseConfigurationReference = 277C09D4CDDD243C5A8951A2 /* Pods-Parstagram.release.xcconfig */;
			buildSettings = {
				ASSETCATALOG_COMPILER_APPICON_NAME = AppIcon;
				CODE_SIGN_STYLE = Automatic;
				INFOPLIST_FILE = Parstagram/Info.plist;
				LD_RUNPATH_SEARCH_PATHS = (
					"$(inherited)",
					"@executable_path/Frameworks",
				);
				PRODUCT_BUNDLE_IDENTIFIER = Jasmin.Parstagram;
				PRODUCT_NAME = "$(TARGET_NAME)";
				SWIFT_VERSION = 5.0;
				TARGETED_DEVICE_FAMILY = "1,2";
			};
			name = Release;
		};
		DDF64D5B237F561E0056F088 /* Debug */ = {
			isa = XCBuildConfiguration;
			baseConfigurationReference = 09C12F62BB108BAEFACA2D11 /* Pods-ParstagramTests.debug.xcconfig */;
			buildSettings = {
				ALWAYS_EMBED_SWIFT_STANDARD_LIBRARIES = YES;
				BUNDLE_LOADER = "$(TEST_HOST)";
				CODE_SIGN_STYLE = Automatic;
				INFOPLIST_FILE = ParstagramTests/Info.plist;
				IPHONEOS_DEPLOYMENT_TARGET = 13.1;
				LD_RUNPATH_SEARCH_PATHS = (
					"$(inherited)",
					"@executable_path/Frameworks",
					"@loader_path/Frameworks",
				);
				PRODUCT_BUNDLE_IDENTIFIER = Jasmin.ParstagramTests;
				PRODUCT_NAME = "$(TARGET_NAME)";
				SWIFT_VERSION = 5.0;
				TARGETED_DEVICE_FAMILY = "1,2";
				TEST_HOST = "$(BUILT_PRODUCTS_DIR)/Parstagram.app/Parstagram";
			};
			name = Debug;
		};
		DDF64D5C237F561E0056F088 /* Release */ = {
			isa = XCBuildConfiguration;
			baseConfigurationReference = 9FCB591951519968A75192CF /* Pods-ParstagramTests.release.xcconfig */;
			buildSettings = {
				ALWAYS_EMBED_SWIFT_STANDARD_LIBRARIES = YES;
				BUNDLE_LOADER = "$(TEST_HOST)";
				CODE_SIGN_STYLE = Automatic;
				INFOPLIST_FILE = ParstagramTests/Info.plist;
				IPHONEOS_DEPLOYMENT_TARGET = 13.1;
				LD_RUNPATH_SEARCH_PATHS = (
					"$(inherited)",
					"@executable_path/Frameworks",
					"@loader_path/Frameworks",
				);
				PRODUCT_BUNDLE_IDENTIFIER = Jasmin.ParstagramTests;
				PRODUCT_NAME = "$(TARGET_NAME)";
				SWIFT_VERSION = 5.0;
				TARGETED_DEVICE_FAMILY = "1,2";
				TEST_HOST = "$(BUILT_PRODUCTS_DIR)/Parstagram.app/Parstagram";
			};
			name = Release;
		};
		DDF64D5E237F561E0056F088 /* Debug */ = {
			isa = XCBuildConfiguration;
			baseConfigurationReference = CDA03BF089BAB70E3FF58E05 /* Pods-Parstagram-ParstagramUITests.debug.xcconfig */;
			buildSettings = {
				ALWAYS_EMBED_SWIFT_STANDARD_LIBRARIES = YES;
				CODE_SIGN_STYLE = Automatic;
				INFOPLIST_FILE = ParstagramUITests/Info.plist;
				LD_RUNPATH_SEARCH_PATHS = (
					"$(inherited)",
					"@executable_path/Frameworks",
					"@loader_path/Frameworks",
				);
				PRODUCT_BUNDLE_IDENTIFIER = Jasmin.ParstagramUITests;
				PRODUCT_NAME = "$(TARGET_NAME)";
				SWIFT_VERSION = 5.0;
				TARGETED_DEVICE_FAMILY = "1,2";
				TEST_TARGET_NAME = Parstagram;
			};
			name = Debug;
		};
		DDF64D5F237F561E0056F088 /* Release */ = {
			isa = XCBuildConfiguration;
			baseConfigurationReference = 664927F0FBF45E51A70C07FF /* Pods-Parstagram-ParstagramUITests.release.xcconfig */;
			buildSettings = {
				ALWAYS_EMBED_SWIFT_STANDARD_LIBRARIES = YES;
				CODE_SIGN_STYLE = Automatic;
				INFOPLIST_FILE = ParstagramUITests/Info.plist;
				LD_RUNPATH_SEARCH_PATHS = (
					"$(inherited)",
					"@executable_path/Frameworks",
					"@loader_path/Frameworks",
				);
				PRODUCT_BUNDLE_IDENTIFIER = Jasmin.ParstagramUITests;
				PRODUCT_NAME = "$(TARGET_NAME)";
				SWIFT_VERSION = 5.0;
				TARGETED_DEVICE_FAMILY = "1,2";
				TEST_TARGET_NAME = Parstagram;
			};
			name = Release;
		};
/* End XCBuildConfiguration section */

/* Begin XCConfigurationList section */
		DDF64D28237F56170056F088 /* Build configuration list for PBXProject "Parstagram" */ = {
			isa = XCConfigurationList;
			buildConfigurations = (
				DDF64D55237F561E0056F088 /* Debug */,
				DDF64D56237F561E0056F088 /* Release */,
			);
			defaultConfigurationIsVisible = 0;
			defaultConfigurationName = Release;
		};
		DDF64D57237F561E0056F088 /* Build configuration list for PBXNativeTarget "Parstagram" */ = {
			isa = XCConfigurationList;
			buildConfigurations = (
				DDF64D58237F561E0056F088 /* Debug */,
				DDF64D59237F561E0056F088 /* Release */,
			);
			defaultConfigurationIsVisible = 0;
			defaultConfigurationName = Release;
		};
		DDF64D5A237F561E0056F088 /* Build configuration list for PBXNativeTarget "ParstagramTests" */ = {
			isa = XCConfigurationList;
			buildConfigurations = (
				DDF64D5B237F561E0056F088 /* Debug */,
				DDF64D5C237F561E0056F088 /* Release */,
			);
			defaultConfigurationIsVisible = 0;
			defaultConfigurationName = Release;
		};
		DDF64D5D237F561E0056F088 /* Build configuration list for PBXNativeTarget "ParstagramUITests" */ = {
			isa = XCConfigurationList;
			buildConfigurations = (
				DDF64D5E237F561E0056F088 /* Debug */,
				DDF64D5F237F561E0056F088 /* Release */,
			);
			defaultConfigurationIsVisible = 0;
			defaultConfigurationName = Release;
		};
/* End XCConfigurationList section */
	};
	rootObject = DDF64D25237F56170056F088 /* Project object */;
}
